// !$*UTF8*$!
{
	archiveVersion = 1;
	classes = {
	};
	objectVersion = 55;
	objects = {

/* Begin PBXBuildFile section */
		A310C01D27717AFA00DB4795 /* Recursion.swift in Sources */ = {isa = PBXBuildFile; fileRef = A310C01C27717AFA00DB4795 /* Recursion.swift */; };
		A310C01F27717E9F00DB4795 /* ListNode.swift in Sources */ = {isa = PBXBuildFile; fileRef = A310C01E27717E9F00DB4795 /* ListNode.swift */; };
		A310C0232771BE3D00DB4795 /* DFS.swift in Sources */ = {isa = PBXBuildFile; fileRef = A310C0222771BE3D00DB4795 /* DFS.swift */; };
		A318C18B276AE59D0023F9EF /* AppDelegate.swift in Sources */ = {isa = PBXBuildFile; fileRef = A318C18A276AE59D0023F9EF /* AppDelegate.swift */; };
		A318C18D276AE59D0023F9EF /* SceneDelegate.swift in Sources */ = {isa = PBXBuildFile; fileRef = A318C18C276AE59D0023F9EF /* SceneDelegate.swift */; };
		A318C18F276AE59D0023F9EF /* ViewController.swift in Sources */ = {isa = PBXBuildFile; fileRef = A318C18E276AE59D0023F9EF /* ViewController.swift */; };
		A318C192276AE59D0023F9EF /* Main.storyboard in Resources */ = {isa = PBXBuildFile; fileRef = A318C190276AE59D0023F9EF /* Main.storyboard */; };
		A318C194276AE59E0023F9EF /* Assets.xcassets in Resources */ = {isa = PBXBuildFile; fileRef = A318C193276AE59E0023F9EF /* Assets.xcassets */; };
		A318C197276AE59E0023F9EF /* LaunchScreen.storyboard in Resources */ = {isa = PBXBuildFile; fileRef = A318C195276AE59E0023F9EF /* LaunchScreen.storyboard */; };
		A318C19F276AE5BB0023F9EF /* StringWindow.swift in Sources */ = {isa = PBXBuildFile; fileRef = A318C19E276AE5BB0023F9EF /* StringWindow.swift */; };
		A318C1A2276AE6440023F9EF /* TwoPointer.swift in Sources */ = {isa = PBXBuildFile; fileRef = A318C1A1276AE6440023F9EF /* TwoPointer.swift */; };
		A3655319276C78B600572BCD /* Stack.swift in Sources */ = {isa = PBXBuildFile; fileRef = A3655318276C78B600572BCD /* Stack.swift */; };
		A365531B276C7DEB00572BCD /* ArrayQuestion.swift in Sources */ = {isa = PBXBuildFile; fileRef = A365531A276C7DEB00572BCD /* ArrayQuestion.swift */; };
/* End PBXBuildFile section */

/* Begin PBXFileReference section */
		A310C01C27717AFA00DB4795 /* Recursion.swift */ = {isa = PBXFileReference; lastKnownFileType = sourcecode.swift; path = Recursion.swift; sourceTree = "<group>"; };
		A310C01E27717E9F00DB4795 /* ListNode.swift */ = {isa = PBXFileReference; lastKnownFileType = sourcecode.swift; path = ListNode.swift; sourceTree = "<group>"; };
		A310C0222771BE3D00DB4795 /* DFS.swift */ = {isa = PBXFileReference; lastKnownFileType = sourcecode.swift; path = DFS.swift; sourceTree = "<group>"; };
		A318C187276AE59D0023F9EF /* DoAlgorithm.app */ = {isa = PBXFileReference; explicitFileType = wrapper.application; includeInIndex = 0; path = DoAlgorithm.app; sourceTree = BUILT_PRODUCTS_DIR; };
		A318C18A276AE59D0023F9EF /* AppDelegate.swift */ = {isa = PBXFileReference; lastKnownFileType = sourcecode.swift; path = AppDelegate.swift; sourceTree = "<group>"; };
		A318C18C276AE59D0023F9EF /* SceneDelegate.swift */ = {isa = PBXFileReference; lastKnownFileType = sourcecode.swift; path = SceneDelegate.swift; sourceTree = "<group>"; };
		A318C18E276AE59D0023F9EF /* ViewController.swift */ = {isa = PBXFileReference; lastKnownFileType = sourcecode.swift; path = ViewController.swift; sourceTree = "<group>"; };
		A318C191276AE59D0023F9EF /* Base */ = {isa = PBXFileReference; lastKnownFileType = file.storyboard; name = Base; path = Base.lproj/Main.storyboard; sourceTree = "<group>"; };
		A318C193276AE59E0023F9EF /* Assets.xcassets */ = {isa = PBXFileReference; lastKnownFileType = folder.assetcatalog; path = Assets.xcassets; sourceTree = "<group>"; };
		A318C196276AE59E0023F9EF /* Base */ = {isa = PBXFileReference; lastKnownFileType = file.storyboard; name = Base; path = Base.lproj/LaunchScreen.storyboard; sourceTree = "<group>"; };
		A318C198276AE59E0023F9EF /* Info.plist */ = {isa = PBXFileReference; lastKnownFileType = text.plist.xml; path = Info.plist; sourceTree = "<group>"; };
		A318C19E276AE5BB0023F9EF /* StringWindow.swift */ = {isa = PBXFileReference; lastKnownFileType = sourcecode.swift; path = StringWindow.swift; sourceTree = "<group>"; };
		A318C1A1276AE6440023F9EF /* TwoPointer.swift */ = {isa = PBXFileReference; lastKnownFileType = sourcecode.swift; path = TwoPointer.swift; sourceTree = "<group>"; };
		A3655318276C78B600572BCD /* Stack.swift */ = {isa = PBXFileReference; lastKnownFileType = sourcecode.swift; path = Stack.swift; sourceTree = "<group>"; };
		A365531A276C7DEB00572BCD /* ArrayQuestion.swift */ = {isa = PBXFileReference; lastKnownFileType = sourcecode.swift; path = ArrayQuestion.swift; sourceTree = "<group>"; };
/* End PBXFileReference section */

/* Begin PBXFrameworksBuildPhase section */
		A318C184276AE59D0023F9EF /* Frameworks */ = {
			isa = PBXFrameworksBuildPhase;
			buildActionMask = 2147483647;
			files = (
			);
			runOnlyForDeploymentPostprocessing = 0;
		};
/* End PBXFrameworksBuildPhase section */

/* Begin PBXGroup section */
		A318C17E276AE59D0023F9EF = {
			isa = PBXGroup;
			children = (
				A318C189276AE59D0023F9EF /* DoAlgorithm */,
				A318C188276AE59D0023F9EF /* Products */,
			);
			sourceTree = "<group>";
		};
		A318C188276AE59D0023F9EF /* Products */ = {
			isa = PBXGroup;
			children = (
				A318C187276AE59D0023F9EF /* DoAlgorithm.app */,
			);
			name = Products;
			sourceTree = "<group>";
		};
		A318C189276AE59D0023F9EF /* DoAlgorithm */ = {
			isa = PBXGroup;
			children = (
				A318C18A276AE59D0023F9EF /* AppDelegate.swift */,
				A318C18C276AE59D0023F9EF /* SceneDelegate.swift */,
				A318C18E276AE59D0023F9EF /* ViewController.swift */,
				A318C19E276AE5BB0023F9EF /* StringWindow.swift */,
				A318C1A1276AE6440023F9EF /* TwoPointer.swift */,
				A3655318276C78B600572BCD /* Stack.swift */,
				A365531A276C7DEB00572BCD /* ArrayQuestion.swift */,
				A310C01E27717E9F00DB4795 /* ListNode.swift */,
				A310C01C27717AFA00DB4795 /* Recursion.swift */,
				A310C0222771BE3D00DB4795 /* DFS.swift */,
				A318C190276AE59D0023F9EF /* Main.storyboard */,
				A318C193276AE59E0023F9EF /* Assets.xcassets */,
				A318C195276AE59E0023F9EF /* LaunchScreen.storyboard */,
				A318C198276AE59E0023F9EF /* Info.plist */,
			);
			path = DoAlgorithm;
			sourceTree = "<group>";
		};
/* End PBXGroup section */

/* Begin PBXNativeTarget section */
		A318C186276AE59D0023F9EF /* DoAlgorithm */ = {
			isa = PBXNativeTarget;
			buildConfigurationList = A318C19B276AE59E0023F9EF /* Build configuration list for PBXNativeTarget "DoAlgorithm" */;
			buildPhases = (
				A318C183276AE59D0023F9EF /* Sources */,
				A318C184276AE59D0023F9EF /* Frameworks */,
				A318C185276AE59D0023F9EF /* Resources */,
			);
			buildRules = (
			);
			dependencies = (
			);
			name = DoAlgorithm;
			productName = DoAlgorithm;
			productReference = A318C187276AE59D0023F9EF /* DoAlgorithm.app */;
			productType = "com.apple.product-type.application";
		};
/* End PBXNativeTarget section */

/* Begin PBXProject section */
		A318C17F276AE59D0023F9EF /* Project object */ = {
			isa = PBXProject;
			attributes = {
				BuildIndependentTargetsInParallel = 1;
				LastSwiftUpdateCheck = 1310;
				LastUpgradeCheck = 1310;
				TargetAttributes = {
					A318C186276AE59D0023F9EF = {
						CreatedOnToolsVersion = 13.1;
					};
				};
			};
			buildConfigurationList = A318C182276AE59D0023F9EF /* Build configuration list for PBXProject "DoAlgorithm" */;
			compatibilityVersion = "Xcode 13.0";
			developmentRegion = en;
			hasScannedForEncodings = 0;
			knownRegions = (
				en,
				Base,
			);
			mainGroup = A318C17E276AE59D0023F9EF;
			productRefGroup = A318C188276AE59D0023F9EF /* Products */;
			projectDirPath = "";
			projectRoot = "";
			targets = (
				A318C186276AE59D0023F9EF /* DoAlgorithm */,
			);
		};
/* End PBXProject section */

/* Begin PBXResourcesBuildPhase section */
		A318C185276AE59D0023F9EF /* Resources */ = {
			isa = PBXResourcesBuildPhase;
			buildActionMask = 2147483647;
			files = (
				A318C197276AE59E0023F9EF /* LaunchScreen.storyboard in Resources */,
				A318C194276AE59E0023F9EF /* Assets.xcassets in Resources */,
				A318C192276AE59D0023F9EF /* Main.storyboard in Resources */,
			);
			runOnlyForDeploymentPostprocessing = 0;
		};
/* End PBXResourcesBuildPhase section */

/* Begin PBXSourcesBuildPhase section */
		A318C183276AE59D0023F9EF /* Sources */ = {
			isa = PBXSourcesBuildPhase;
			buildActionMask = 2147483647;
			files = (
				A318C19F276AE5BB0023F9EF /* StringWindow.swift in Sources */,
				A318C1A2276AE6440023F9EF /* TwoPointer.swift in Sources */,
				A310C01F27717E9F00DB4795 /* ListNode.swift in Sources */,
				A365531B276C7DEB00572BCD /* ArrayQuestion.swift in Sources */,
				A318C18F276AE59D0023F9EF /* ViewController.swift in Sources */,
				A310C01D27717AFA00DB4795 /* Recursion.swift in Sources */,
				A318C18B276AE59D0023F9EF /* AppDelegate.swift in Sources */,
				A3655319276C78B600572BCD /* Stack.swift in Sources */,
				A318C18D276AE59D0023F9EF /* SceneDelegate.swift in Sources */,
				A310C0232771BE3D00DB4795 /* DFS.swift in Sources */,
			);
			runOnlyForDeploymentPostprocessing = 0;
		};
/* End PBXSourcesBuildPhase section */

/* Begin PBXVariantGroup section */
		A318C190276AE59D0023F9EF /* Main.storyboard */ = {
			isa = PBXVariantGroup;
			children = (
				A318C191276AE59D0023F9EF /* Base */,
			);
			name = Main.storyboard;
			sourceTree = "<group>";
		};
		A318C195276AE59E0023F9EF /* LaunchScreen.storyboard */ = {
			isa = PBXVariantGroup;
			children = (
				A318C196276AE59E0023F9EF /* Base */,
			);
			name = LaunchScreen.storyboard;
			sourceTree = "<group>";
		};
/* End PBXVariantGroup section */

/* Begin XCBuildConfiguration section */
		A318C199276AE59E0023F9EF /* Debug */ = {
			isa = XCBuildConfiguration;
			buildSettings = {
				ALWAYS_SEARCH_USER_PATHS = NO;
				CLANG_ANALYZER_NONNULL = YES;
				CLANG_ANALYZER_NUMBER_OBJECT_CONVERSION = YES_AGGRESSIVE;
				CLANG_CXX_LANGUAGE_STANDARD = "gnu++17";
				CLANG_CXX_LIBRARY = "libc++";
				CLANG_ENABLE_MODULES = YES;
				CLANG_ENABLE_OBJC_ARC = YES;
				CLANG_ENABLE_OBJC_WEAK = YES;
				CLANG_WARN_BLOCK_CAPTURE_AUTORELEASING = YES;
				CLANG_WARN_BOOL_CONVERSION = YES;
				CLANG_WARN_COMMA = YES;
				CLANG_WARN_CONSTANT_CONVERSION = YES;
				CLANG_WARN_DEPRECATED_OBJC_IMPLEMENTATIONS = YES;
				CLANG_WARN_DIRECT_OBJC_ISA_USAGE = YES_ERROR;
				CLANG_WARN_DOCUMENTATION_COMMENTS = YES;
				CLANG_WARN_EMPTY_BODY = YES;
				CLANG_WARN_ENUM_CONVERSION = YES;
				CLANG_WARN_INFINITE_RECURSION = YES;
				CLANG_WARN_INT_CONVERSION = YES;
				CLANG_WARN_NON_LITERAL_NULL_CONVERSION = YES;
				CLANG_WARN_OBJC_IMPLICIT_RETAIN_SELF = YES;
				CLANG_WARN_OBJC_LITERAL_CONVERSION = YES;
				CLANG_WARN_OBJC_ROOT_CLASS = YES_ERROR;
				CLANG_WARN_QUOTED_INCLUDE_IN_FRAMEWORK_HEADER = YES;
				CLANG_WARN_RANGE_LOOP_ANALYSIS = YES;
				CLANG_WARN_STRICT_PROTOTYPES = YES;
				CLANG_WARN_SUSPICIOUS_MOVE = YES;
				CLANG_WARN_UNGUARDED_AVAILABILITY = YES_AGGRESSIVE;
				CLANG_WARN_UNREACHABLE_CODE = YES;
				CLANG_WARN__DUPLICATE_METHOD_MATCH = YES;
				COPY_PHASE_STRIP = NO;
				DEBUG_INFORMATION_FORMAT = dwarf;
				ENABLE_STRICT_OBJC_MSGSEND = YES;
				ENABLE_TESTABILITY = YES;
				GCC_C_LANGUAGE_STANDARD = gnu11;
				GCC_DYNAMIC_NO_PIC = NO;
				GCC_NO_COMMON_BLOCKS = YES;
				GCC_OPTIMIZATION_LEVEL = 0;
				GCC_PREPROCESSOR_DEFINITIONS = (
					"DEBUG=1",
					"$(inherited)",
				);
				GCC_WARN_64_TO_32_BIT_CONVERSION = YES;
				GCC_WARN_ABOUT_RETURN_TYPE = YES_ERROR;
				GCC_WARN_UNDECLARED_SELECTOR = YES;
				GCC_WARN_UNINITIALIZED_AUTOS = YES_AGGRESSIVE;
				GCC_WARN_UNUSED_FUNCTION = YES;
				GCC_WARN_UNUSED_VARIABLE = YES;
				IPHONEOS_DEPLOYMENT_TARGET = 15.0;
				MTL_ENABLE_DEBUG_INFO = INCLUDE_SOURCE;
				MTL_FAST_MATH = YES;
				ONLY_ACTIVE_ARCH = YES;
				SDKROOT = iphoneos;
				SWIFT_ACTIVE_COMPILATION_CONDITIONS = DEBUG;
				SWIFT_OPTIMIZATION_LEVEL = "-Onone";
			};
			name = Debug;
		};
		A318C19A276AE59E0023F9EF /* Release */ = {
			isa = XCBuildConfiguration;
			buildSettings = {
				ALWAYS_SEARCH_USER_PATHS = NO;
				CLANG_ANALYZER_NONNULL = YES;
				CLANG_ANALYZER_NUMBER_OBJECT_CONVERSION = YES_AGGRESSIVE;
				CLANG_CXX_LANGUAGE_STANDARD = "gnu++17";
				CLANG_CXX_LIBRARY = "libc++";
				CLANG_ENABLE_MODULES = YES;
				CLANG_ENABLE_OBJC_ARC = YES;
				CLANG_ENABLE_OBJC_WEAK = YES;
				CLANG_WARN_BLOCK_CAPTURE_AUTORELEASING = YES;
				CLANG_WARN_BOOL_CONVERSION = YES;
				CLANG_WARN_COMMA = YES;
				CLANG_WARN_CONSTANT_CONVERSION = YES;
				CLANG_WARN_DEPRECATED_OBJC_IMPLEMENTATIONS = YES;
				CLANG_WARN_DIRECT_OBJC_ISA_USAGE = YES_ERROR;
				CLANG_WARN_DOCUMENTATION_COMMENTS = YES;
				CLANG_WARN_EMPTY_BODY = YES;
				CLANG_WARN_ENUM_CONVERSION = YES;
				CLANG_WARN_INFINITE_RECURSION = YES;
				CLANG_WARN_INT_CONVERSION = YES;
				CLANG_WARN_NON_LITERAL_NULL_CONVERSION = YES;
				CLANG_WARN_OBJC_IMPLICIT_RETAIN_SELF = YES;
				CLANG_WARN_OBJC_LITERAL_CONVERSION = YES;
				CLANG_WARN_OBJC_ROOT_CLASS = YES_ERROR;
				CLANG_WARN_QUOTED_INCLUDE_IN_FRAMEWORK_HEADER = YES;
				CLANG_WARN_RANGE_LOOP_ANALYSIS = YES;
				CLANG_WARN_STRICT_PROTOTYPES = YES;
				CLANG_WARN_SUSPICIOUS_MOVE = YES;
				CLANG_WARN_UNGUARDED_AVAILABILITY = YES_AGGRESSIVE;
				CLANG_WARN_UNREACHABLE_CODE = YES;
				CLANG_WARN__DUPLICATE_METHOD_MATCH = YES;
				COPY_PHASE_STRIP = NO;
				DEBUG_INFORMATION_FORMAT = "dwarf-with-dsym";
				ENABLE_NS_ASSERTIONS = NO;
				ENABLE_STRICT_OBJC_MSGSEND = YES;
				GCC_C_LANGUAGE_STANDARD = gnu11;
				GCC_NO_COMMON_BLOCKS = YES;
				GCC_WARN_64_TO_32_BIT_CONVERSION = YES;
				GCC_WARN_ABOUT_RETURN_TYPE = YES_ERROR;
				GCC_WARN_UNDECLARED_SELECTOR = YES;
				GCC_WARN_UNINITIALIZED_AUTOS = YES_AGGRESSIVE;
				GCC_WARN_UNUSED_FUNCTION = YES;
				GCC_WARN_UNUSED_VARIABLE = YES;
				IPHONEOS_DEPLOYMENT_TARGET = 15.0;
				MTL_ENABLE_DEBUG_INFO = NO;
				MTL_FAST_MATH = YES;
				SDKROOT = iphoneos;
				SWIFT_COMPILATION_MODE = wholemodule;
				SWIFT_OPTIMIZATION_LEVEL = "-O";
				VALIDATE_PRODUCT = YES;
			};
			name = Release;
		};
		A318C19C276AE59E0023F9EF /* Debug */ = {
			isa = XCBuildConfiguration;
			buildSettings = {
				ASSETCATALOG_COMPILER_APPICON_NAME = AppIcon;
				ASSETCATALOG_COMPILER_GLOBAL_ACCENT_COLOR_NAME = AccentColor;
				CODE_SIGN_STYLE = Automatic;
				CURRENT_PROJECT_VERSION = 1;
				GENERATE_INFOPLIST_FILE = YES;
				INFOPLIST_FILE = DoAlgorithm/Info.plist;
				INFOPLIST_KEY_UIApplicationSupportsIndirectInputEvents = YES;
				INFOPLIST_KEY_UILaunchStoryboardName = LaunchScreen;
				INFOPLIST_KEY_UIMainStoryboardFile = Main;
				INFOPLIST_KEY_UISupportedInterfaceOrientations_iPad = "UIInterfaceOrientationPortrait UIInterfaceOrientationPortraitUpsideDown UIInterfaceOrientationLandscapeLeft UIInterfaceOrientationLandscapeRight";
				INFOPLIST_KEY_UISupportedInterfaceOrientations_iPhone = "UIInterfaceOrientationPortrait UIInterfaceOrientationLandscapeLeft UIInterfaceOrientationLandscapeRight";
				LD_RUNPATH_SEARCH_PATHS = (
					"$(inherited)",
					"@executable_path/Frameworks",
				);
				MARKETING_VERSION = 1.0;
				PRODUCT_BUNDLE_IDENTIFIER = com.unicom.accelerator;
				PRODUCT_NAME = "$(TARGET_NAME)";
				SWIFT_EMIT_LOC_STRINGS = YES;
				SWIFT_VERSION = 5.0;
				TARGETED_DEVICE_FAMILY = "1,2";
			};
			name = Debug;
		};
		A318C19D276AE59E0023F9EF /* Release */ = {
			isa = XCBuildConfiguration;
			buildSettings = {
				ASSETCATALOG_COMPILER_APPICON_NAME = AppIcon;
				ASSETCATALOG_COMPILER_GLOBAL_ACCENT_COLOR_NAME = AccentColor;
				CODE_SIGN_IDENTITY = "iPhone Distribution";
				CODE_SIGN_STYLE = Manual;
				CURRENT_PROJECT_VERSION = 1;
				DEVELOPMENT_TEAM = 9K38JFUWLB;
				GENERATE_INFOPLIST_FILE = YES;
				INFOPLIST_FILE = DoAlgorithm/Info.plist;
				INFOPLIST_KEY_UIApplicationSupportsIndirectInputEvents = YES;
				INFOPLIST_KEY_UILaunchStoryboardName = LaunchScreen;
				INFOPLIST_KEY_UIMainStoryboardFile = Main;
				INFOPLIST_KEY_UISupportedInterfaceOrientations_iPad = "UIInterfaceOrientationPortrait UIInterfaceOrientationPortraitUpsideDown UIInterfaceOrientationLandscapeLeft UIInterfaceOrientationLandscapeRight";
				INFOPLIST_KEY_UISupportedInterfaceOrientations_iPhone = "UIInterfaceOrientationPortrait UIInterfaceOrientationLandscapeLeft UIInterfaceOrientationLandscapeRight";
				LD_RUNPATH_SEARCH_PATHS = (
					"$(inherited)",
					"@executable_path/Frameworks",
				);
				MARKETING_VERSION = 1.0;
				PRODUCT_BUNDLE_IDENTIFIER = com.unicom.accelerator;
				PRODUCT_NAME = "$(TARGET_NAME)";
				PROVISIONING_PROFILE_SPECIFIER = dis_accelerator;
				SWIFT_EMIT_LOC_STRINGS = YES;
				SWIFT_VERSION = 5.0;
				TARGETED_DEVICE_FAMILY = "1,2";
			};
			name = Release;
		};
/* End XCBuildConfiguration section */

/* Begin XCConfigurationList section */
		A318C182276AE59D0023F9EF /* Build configuration list for PBXProject "DoAlgorithm" */ = {
			isa = XCConfigurationList;
			buildConfigurations = (
				A318C199276AE59E0023F9EF /* Debug */,
				A318C19A276AE59E0023F9EF /* Release */,
			);
			defaultConfigurationIsVisible = 0;
			defaultConfigurationName = Release;
		};
		A318C19B276AE59E0023F9EF /* Build configuration list for PBXNativeTarget "DoAlgorithm" */ = {
			isa = XCConfigurationList;
			buildConfigurations = (
				A318C19C276AE59E0023F9EF /* Debug */,
				A318C19D276AE59E0023F9EF /* Release */,
			);
			defaultConfigurationIsVisible = 0;
			defaultConfigurationName = Release;
		};
/* End XCConfigurationList section */
	};
	rootObject = A318C17F276AE59D0023F9EF /* Project object */;
}
